// !$*UTF8*$!
{
	archiveVersion = 1;
	classes = {
	};
	objectVersion = 50;
	objects = {

/* Begin PBXBuildFile section */
		482C739C2195A6E800CC712B /* SecondViewController.m in Sources */ = {isa = PBXBuildFile; fileRef = 482C739B2195A6E800CC712B /* SecondViewController.m */; };
		F07937E7219E93A50077E548 /* TitleView.m in Resources */ = {isa = PBXBuildFile; fileRef = F07937E6219E93A50077E548 /* TitleView.m */; };
		F07937E8219E93CE0077E548 /* TitleView.m in Sources */ = {isa = PBXBuildFile; fileRef = F07937E6219E93A50077E548 /* TitleView.m */; };
		F0D5338C219559A0001A88F0 /* AppDelegate.m in Sources */ = {isa = PBXBuildFile; fileRef = F0D5338B219559A0001A88F0 /* AppDelegate.m */; };
		F0D5338F219559A0001A88F0 /* ViewController.m in Sources */ = {isa = PBXBuildFile; fileRef = F0D5338E219559A0001A88F0 /* ViewController.m */; };
		F0D53392219559A0001A88F0 /* Main.storyboard in Resources */ = {isa = PBXBuildFile; fileRef = F0D53390219559A0001A88F0 /* Main.storyboard */; };
		F0D53394219559AC001A88F0 /* Assets.xcassets in Resources */ = {isa = PBXBuildFile; fileRef = F0D53393219559AC001A88F0 /* Assets.xcassets */; };
		F0D53397219559AC001A88F0 /* LaunchScreen.storyboard in Resources */ = {isa = PBXBuildFile; fileRef = F0D53395219559AC001A88F0 /* LaunchScreen.storyboard */; };
		F0D5339A219559AC001A88F0 /* main.m in Sources */ = {isa = PBXBuildFile; fileRef = F0D53399219559AC001A88F0 /* main.m */; };
		F0D533A821956E88001A88F0 /* PageView.m in Sources */ = {isa = PBXBuildFile; fileRef = F0D533A721956E88001A88F0 /* PageView.m */; };
		F0D533AC21957208001A88F0 /* PageCollectionViewCell.m in Sources */ = {isa = PBXBuildFile; fileRef = F0D533AA21957208001A88F0 /* PageCollectionViewCell.m */; };
		F0D533AD21957208001A88F0 /* PageCollectionViewCell.xib in Resources */ = {isa = PBXBuildFile; fileRef = F0D533AB21957208001A88F0 /* PageCollectionViewCell.xib */; };
/* End PBXBuildFile section */

/* Begin PBXFileReference section */
		482C739A2195A6E800CC712B /* SecondViewController.h */ = {isa = PBXFileReference; lastKnownFileType = sourcecode.c.h; path = SecondViewController.h; sourceTree = "<group>"; };
		482C739B2195A6E800CC712B /* SecondViewController.m */ = {isa = PBXFileReference; lastKnownFileType = sourcecode.c.objc; path = SecondViewController.m; sourceTree = "<group>"; };
		F07937E6219E93A50077E548 /* TitleView.m */ = {isa = PBXFileReference; fileEncoding = 4; lastKnownFileType = sourcecode.c.objc; path = TitleView.m; sourceTree = "<group>"; };
		F0D53387219559A0001A88F0 /* Unite.app */ = {isa = PBXFileReference; explicitFileType = wrapper.application; includeInIndex = 0; path = Unite.app; sourceTree = BUILT_PRODUCTS_DIR; };
		F0D5338A219559A0001A88F0 /* AppDelegate.h */ = {isa = PBXFileReference; lastKnownFileType = sourcecode.c.h; path = AppDelegate.h; sourceTree = "<group>"; };
		F0D5338B219559A0001A88F0 /* AppDelegate.m */ = {isa = PBXFileReference; lastKnownFileType = sourcecode.c.objc; path = AppDelegate.m; sourceTree = "<group>"; };
		F0D5338D219559A0001A88F0 /* ViewController.h */ = {isa = PBXFileReference; lastKnownFileType = sourcecode.c.h; path = ViewController.h; sourceTree = "<group>"; };
		F0D5338E219559A0001A88F0 /* ViewController.m */ = {isa = PBXFileReference; lastKnownFileType = sourcecode.c.objc; path = ViewController.m; sourceTree = "<group>"; };
		F0D53391219559A0001A88F0 /* Base */ = {isa = PBXFileReference; lastKnownFileType = file.storyboard; name = Base; path = Base.lproj/Main.storyboard; sourceTree = "<group>"; };
		F0D53393219559AC001A88F0 /* Assets.xcassets */ = {isa = PBXFileReference; lastKnownFileType = folder.assetcatalog; path = Assets.xcassets; sourceTree = "<group>"; };
		F0D53396219559AC001A88F0 /* Base */ = {isa = PBXFileReference; lastKnownFileType = file.storyboard; name = Base; path = Base.lproj/LaunchScreen.storyboard; sourceTree = "<group>"; };
		F0D53398219559AC001A88F0 /* Info.plist */ = {isa = PBXFileReference; lastKnownFileType = text.plist.xml; path = Info.plist; sourceTree = "<group>"; };
		F0D53399219559AC001A88F0 /* main.m */ = {isa = PBXFileReference; lastKnownFileType = sourcecode.c.objc; path = main.m; sourceTree = "<group>"; };
		F0D533A321955CB2001A88F0 /* TitleView.h */ = {isa = PBXFileReference; lastKnownFileType = sourcecode.c.h; path = TitleView.h; sourceTree = "<group>"; };
		F0D533A621956E88001A88F0 /* PageView.h */ = {isa = PBXFileReference; lastKnownFileType = sourcecode.c.h; path = PageView.h; sourceTree = "<group>"; };
		F0D533A721956E88001A88F0 /* PageView.m */ = {isa = PBXFileReference; lastKnownFileType = sourcecode.c.objc; path = PageView.m; sourceTree = "<group>"; };
		F0D533A921957208001A88F0 /* PageCollectionViewCell.h */ = {isa = PBXFileReference; lastKnownFileType = sourcecode.c.h; path = PageCollectionViewCell.h; sourceTree = "<group>"; };
		F0D533AA21957208001A88F0 /* PageCollectionViewCell.m */ = {isa = PBXFileReference; lastKnownFileType = sourcecode.c.objc; path = PageCollectionViewCell.m; sourceTree = "<group>"; };
		F0D533AB21957208001A88F0 /* PageCollectionViewCell.xib */ = {isa = PBXFileReference; lastKnownFileType = file.xib; path = PageCollectionViewCell.xib; sourceTree = "<group>"; };
/* End PBXFileReference section */

/* Begin PBXFrameworksBuildPhase section */
		F0D53384219559A0001A88F0 /* Frameworks */ = {
			isa = PBXFrameworksBuildPhase;
			buildActionMask = 2147483647;
			files = (
			);
			runOnlyForDeploymentPostprocessing = 0;
		};
/* End PBXFrameworksBuildPhase section */

/* Begin PBXGroup section */
		F07937E5219E92C70077E548 /* Views */ = {
			isa = PBXGroup;
			children = (
				F0D533A321955CB2001A88F0 /* TitleView.h */,
				F07937E6219E93A50077E548 /* TitleView.m */,
				F0D533A621956E88001A88F0 /* PageView.h */,
				F0D533A721956E88001A88F0 /* PageView.m */,
				F0D533A921957208001A88F0 /* PageCollectionViewCell.h */,
				F0D533AA21957208001A88F0 /* PageCollectionViewCell.m */,
				F0D533AB21957208001A88F0 /* PageCollectionViewCell.xib */,
			);
			path = Views;
			sourceTree = "<group>";
		};
		F0D5337E219559A0001A88F0 = {
			isa = PBXGroup;
			children = (
				F0D53389219559A0001A88F0 /* Unite */,
				F0D53388219559A0001A88F0 /* Products */,
			);
			sourceTree = "<group>";
		};
		F0D53388219559A0001A88F0 /* Products */ = {
			isa = PBXGroup;
			children = (
				F0D53387219559A0001A88F0 /* Unite.app */,
			);
			name = Products;
			sourceTree = "<group>";
		};
		F0D53389219559A0001A88F0 /* Unite */ = {
			isa = PBXGroup;
			children = (
				F07937E5219E92C70077E548 /* Views */,
				F0D5338A219559A0001A88F0 /* AppDelegate.h */,
				F0D5338B219559A0001A88F0 /* AppDelegate.m */,
				F0D5338D219559A0001A88F0 /* ViewController.h */,
				F0D5338E219559A0001A88F0 /* ViewController.m */,
				F0D53390219559A0001A88F0 /* Main.storyboard */,
				F0D53393219559AC001A88F0 /* Assets.xcassets */,
				482C739A2195A6E800CC712B /* SecondViewController.h */,
				482C739B2195A6E800CC712B /* SecondViewController.m */,
				F0D53395219559AC001A88F0 /* LaunchScreen.storyboard */,
				F0D53398219559AC001A88F0 /* Info.plist */,
				F0D53399219559AC001A88F0 /* main.m */,
			);
			path = Unite;
			sourceTree = "<group>";
		};
/* End PBXGroup section */

/* Begin PBXNativeTarget section */
		F0D53386219559A0001A88F0 /* Unite */ = {
			isa = PBXNativeTarget;
			buildConfigurationList = F0D5339D219559AC001A88F0 /* Build configuration list for PBXNativeTarget "Unite" */;
			buildPhases = (
				F0D53383219559A0001A88F0 /* Sources */,
				F0D53384219559A0001A88F0 /* Frameworks */,
				F0D53385219559A0001A88F0 /* Resources */,
			);
			buildRules = (
			);
			dependencies = (
			);
			name = Unite;
			productName = Unite;
			productReference = F0D53387219559A0001A88F0 /* Unite.app */;
			productType = "com.apple.product-type.application";
		};
/* End PBXNativeTarget section */

/* Begin PBXProject section */
		F0D5337F219559A0001A88F0 /* Project object */ = {
			isa = PBXProject;
			attributes = {
				LastUpgradeCheck = 1010;
				ORGANIZATIONNAME = "Li Peixin";
				TargetAttributes = {
					F0D53386219559A0001A88F0 = {
						CreatedOnToolsVersion = 10.1;
					};
				};
			};
			buildConfigurationList = F0D53382219559A0001A88F0 /* Build configuration list for PBXProject "Unite" */;
			compatibilityVersion = "Xcode 9.3";
			developmentRegion = en;
			hasScannedForEncodings = 0;
			knownRegions = (
				en,
				Base,
			);
			mainGroup = F0D5337E219559A0001A88F0;
			productRefGroup = F0D53388219559A0001A88F0 /* Products */;
			projectDirPath = "";
			projectRoot = "";
			targets = (
				F0D53386219559A0001A88F0 /* Unite */,
			);
		};
/* End PBXProject section */

/* Begin PBXResourcesBuildPhase section */
		F0D53385219559A0001A88F0 /* Resources */ = {
			isa = PBXResourcesBuildPhase;
			buildActionMask = 2147483647;
			files = (
				F07937E7219E93A50077E548 /* TitleView.m in Resources */,
				F0D53397219559AC001A88F0 /* LaunchScreen.storyboard in Resources */,
				F0D53394219559AC001A88F0 /* Assets.xcassets in Resources */,
				F0D53392219559A0001A88F0 /* Main.storyboard in Resources */,
				F0D533AD21957208001A88F0 /* PageCollectionViewCell.xib in Resources */,
			);
			runOnlyForDeploymentPostprocessing = 0;
		};
/* End PBXResourcesBuildPhase section */

/* Begin PBXSourcesBuildPhase section */
		F0D53383219559A0001A88F0 /* Sources */ = {
			isa = PBXSourcesBuildPhase;
			buildActionMask = 2147483647;
			files = (
				F07937E8219E93CE0077E548 /* TitleView.m in Sources */,
				F0D5338F219559A0001A88F0 /* ViewController.m in Sources */,
				F0D5339A219559AC001A88F0 /* main.m in Sources */,
				482C739C2195A6E800CC712B /* SecondViewController.m in Sources */,
				F0D5338C219559A0001A88F0 /* AppDelegate.m in Sources */,
				F0D533A821956E88001A88F0 /* PageView.m in Sources */,
				F0D533AC21957208001A88F0 /* PageCollectionViewCell.m in Sources */,
			);
			runOnlyForDeploymentPostprocessing = 0;
		};
/* End PBXSourcesBuildPhase section */

/* Begin PBXVariantGroup section */
		F0D53390219559A0001A88F0 /* Main.storyboard */ = {
			isa = PBXVariantGroup;
			children = (
				F0D53391219559A0001A88F0 /* Base */,
			);
			name = Main.storyboard;
			sourceTree = "<group>";
		};
		F0D53395219559AC001A88F0 /* LaunchScreen.storyboard */ = {
			isa = PBXVariantGroup;
			children = (
				F0D53396219559AC001A88F0 /* Base */,
			);
			name = LaunchScreen.storyboard;
			sourceTree = "<group>";
		};
/* End PBXVariantGroup section */

/* Begin XCBuildConfiguration section */
		F0D5339B219559AC001A88F0 /* Debug */ = {
			isa = XCBuildConfiguration;
			buildSettings = {
				ALWAYS_SEARCH_USER_PATHS = NO;
				CLANG_ANALYZER_NONNULL = YES;
				CLANG_ANALYZER_NUMBER_OBJECT_CONVERSION = YES_AGGRESSIVE;
				CLANG_CXX_LANGUAGE_STANDARD = "gnu++14";
				CLANG_CXX_LIBRARY = "libc++";
				CLANG_ENABLE_MODULES = YES;
				CLANG_ENABLE_OBJC_ARC = YES;
				CLANG_ENABLE_OBJC_WEAK = YES;
				CLANG_WARN_BLOCK_CAPTURE_AUTORELEASING = YES;
				CLANG_WARN_BOOL_CONVERSION = YES;
				CLANG_WARN_COMMA = YES;
				CLANG_WARN_CONSTANT_CONVERSION = YES;
				CLANG_WARN_DEPRECATED_OBJC_IMPLEMENTATIONS = YES;
				CLANG_WARN_DIRECT_OBJC_ISA_USAGE = YES_ERROR;
				CLANG_WARN_DOCUMENTATION_COMMENTS = YES;
				CLANG_WARN_EMPTY_BODY = YES;
				CLANG_WARN_ENUM_CONVERSION = YES;
				CLANG_WARN_INFINITE_RECURSION = YES;
				CLANG_WARN_INT_CONVERSION = YES;
				CLANG_WARN_NON_LITERAL_NULL_CONVERSION = YES;
				CLANG_WARN_OBJC_IMPLICIT_RETAIN_SELF = YES;
				CLANG_WARN_OBJC_LITERAL_CONVERSION = YES;
				CLANG_WARN_OBJC_ROOT_CLASS = YES_ERROR;
				CLANG_WARN_RANGE_LOOP_ANALYSIS = YES;
				CLANG_WARN_STRICT_PROTOTYPES = YES;
				CLANG_WARN_SUSPICIOUS_MOVE = YES;
				CLANG_WARN_UNGUARDED_AVAILABILITY = YES_AGGRESSIVE;
				CLANG_WARN_UNREACHABLE_CODE = YES;
				CLANG_WARN__DUPLICATE_METHOD_MATCH = YES;
				CODE_SIGN_IDENTITY = "iPhone Developer";
				COPY_PHASE_STRIP = NO;
				DEBUG_INFORMATION_FORMAT = dwarf;
				ENABLE_STRICT_OBJC_MSGSEND = YES;
				ENABLE_TESTABILITY = YES;
				GCC_C_LANGUAGE_STANDARD = gnu11;
				GCC_DYNAMIC_NO_PIC = NO;
				GCC_NO_COMMON_BLOCKS = YES;
				GCC_OPTIMIZATION_LEVEL = 0;
				GCC_PREPROCESSOR_DEFINITIONS = (
					"DEBUG=1",
					"$(inherited)",
				);
				GCC_WARN_64_TO_32_BIT_CONVERSION = YES;
				GCC_WARN_ABOUT_RETURN_TYPE = YES_ERROR;
				GCC_WARN_UNDECLARED_SELECTOR = YES;
				GCC_WARN_UNINITIALIZED_AUTOS = YES_AGGRESSIVE;
				GCC_WARN_UNUSED_FUNCTION = YES;
				GCC_WARN_UNUSED_VARIABLE = YES;
				IPHONEOS_DEPLOYMENT_TARGET = 12.1;
				MTL_ENABLE_DEBUG_INFO = INCLUDE_SOURCE;
				MTL_FAST_MATH = YES;
				ONLY_ACTIVE_ARCH = YES;
				SDKROOT = iphoneos;
			};
			name = Debug;
		};
		F0D5339C219559AC001A88F0 /* Release */ = {
			isa = XCBuildConfiguration;
			buildSettings = {
				ALWAYS_SEARCH_USER_PATHS = NO;
				CLANG_ANALYZER_NONNULL = YES;
				CLANG_ANALYZER_NUMBER_OBJECT_CONVERSION = YES_AGGRESSIVE;
				CLANG_CXX_LANGUAGE_STANDARD = "gnu++14";
				CLANG_CXX_LIBRARY = "libc++";
				CLANG_ENABLE_MODULES = YES;
				CLANG_ENABLE_OBJC_ARC = YES;
				CLANG_ENABLE_OBJC_WEAK = YES;
				CLANG_WARN_BLOCK_CAPTURE_AUTORELEASING = YES;
				CLANG_WARN_BOOL_CONVERSION = YES;
				CLANG_WARN_COMMA = YES;
				CLANG_WARN_CONSTANT_CONVERSION = YES;
				CLANG_WARN_DEPRECATED_OBJC_IMPLEMENTATIONS = YES;
				CLANG_WARN_DIRECT_OBJC_ISA_USAGE = YES_ERROR;
				CLANG_WARN_DOCUMENTATION_COMMENTS = YES;
				CLANG_WARN_EMPTY_BODY = YES;
				CLANG_WARN_ENUM_CONVERSION = YES;
				CLANG_WARN_INFINITE_RECURSION = YES;
				CLANG_WARN_INT_CONVERSION = YES;
				CLANG_WARN_NON_LITERAL_NULL_CONVERSION = YES;
				CLANG_WARN_OBJC_IMPLICIT_RETAIN_SELF = YES;
				CLANG_WARN_OBJC_LITERAL_CONVERSION = YES;
				CLANG_WARN_OBJC_ROOT_CLASS = YES_ERROR;
				CLANG_WARN_RANGE_LOOP_ANALYSIS = YES;
				CLANG_WARN_STRICT_PROTOTYPES = YES;
				CLANG_WARN_SUSPICIOUS_MOVE = YES;
				CLANG_WARN_UNGUARDED_AVAILABILITY = YES_AGGRESSIVE;
				CLANG_WARN_UNREACHABLE_CODE = YES;
				CLANG_WARN__DUPLICATE_METHOD_MATCH = YES;
				CODE_SIGN_IDENTITY = "iPhone Developer";
				COPY_PHASE_STRIP = NO;
				DEBUG_INFORMATION_FORMAT = "dwarf-with-dsym";
				ENABLE_NS_ASSERTIONS = NO;
				ENABLE_STRICT_OBJC_MSGSEND = YES;
				GCC_C_LANGUAGE_STANDARD = gnu11;
				GCC_NO_COMMON_BLOCKS = YES;
				GCC_WARN_64_TO_32_BIT_CONVERSION = YES;
				GCC_WARN_ABOUT_RETURN_TYPE = YES_ERROR;
				GCC_WARN_UNDECLARED_SELECTOR = YES;
				GCC_WARN_UNINITIALIZED_AUTOS = YES_AGGRESSIVE;
				GCC_WARN_UNUSED_FUNCTION = YES;
				GCC_WARN_UNUSED_VARIABLE = YES;
				IPHONEOS_DEPLOYMENT_TARGET = 12.1;
				MTL_ENABLE_DEBUG_INFO = NO;
				MTL_FAST_MATH = YES;
				SDKROOT = iphoneos;
				VALIDATE_PRODUCT = YES;
			};
			name = Release;
		};
		F0D5339E219559AC001A88F0 /* Debug */ = {
			isa = XCBuildConfiguration;
			buildSettings = {
				ASSETCATALOG_COMPILER_APPICON_NAME = AppIcon;
				CODE_SIGN_STYLE = Automatic;
				DEVELOPMENT_TEAM = R8928TK6AS;
				INFOPLIST_FILE = Unite/Info.plist;
				IPHONEOS_DEPLOYMENT_TARGET = 12.0;
				LD_RUNPATH_SEARCH_PATHS = (
					"$(inherited)",
					"@executable_path/Frameworks",
				);
				PRODUCT_BUNDLE_IDENTIFIER = GuangHe.Unite;
				PRODUCT_NAME = "$(TARGET_NAME)";
				TARGETED_DEVICE_FAMILY = "1,2";
			};
			name = Debug;
		};
		F0D5339F219559AC001A88F0 /* Release */ = {
			isa = XCBuildConfiguration;
			buildSettings = {
				ASSETCATALOG_COMPILER_APPICON_NAME = AppIcon;
				CODE_SIGN_STYLE = Automatic;
				DEVELOPMENT_TEAM = R8928TK6AS;
				INFOPLIST_FILE = Unite/Info.plist;
				IPHONEOS_DEPLOYMENT_TARGET = 12.0;
				LD_RUNPATH_SEARCH_PATHS = (
					"$(inherited)",
					"@executable_path/Frameworks",
				);
				PRODUCT_BUNDLE_IDENTIFIER = GuangHe.Unite;
				PRODUCT_NAME = "$(TARGET_NAME)";
				TARGETED_DEVICE_FAMILY = "1,2";
			};
			name = Release;
		};
/* End XCBuildConfiguration section */

/* Begin XCConfigurationList section */
		F0D53382219559A0001A88F0 /* Build configuration list for PBXProject "Unite" */ = {
			isa = XCConfigurationList;
			buildConfigurations = (
				F0D5339B219559AC001A88F0 /* Debug */,
				F0D5339C219559AC001A88F0 /* Release */,
			);
			defaultConfigurationIsVisible = 0;
			defaultConfigurationName = Release;
		};
		F0D5339D219559AC001A88F0 /* Build configuration list for PBXNativeTarget "Unite" */ = {
			isa = XCConfigurationList;
			buildConfigurations = (
				F0D5339E219559AC001A88F0 /* Debug */,
				F0D5339F219559AC001A88F0 /* Release */,
			);
			defaultConfigurationIsVisible = 0;
			defaultConfigurationName = Release;
		};
/* End XCConfigurationList section */
	};
	rootObject = F0D5337F219559A0001A88F0 /* Project object */;
}
